
Microsoft Visual Studio Solution File, Format Version 12.00
# Visual Studio Version 16
VisualStudioVersion = 16.0.32228.343
MinimumVisualStudioVersion = 10.0.40219.1
Project("{FAE04EC0-301F-11D3-BF4B-00C04F79EFBC}") = "WebSubjectManagement", "WebSubjectManagement\WebSubjectManagement.csproj", "{5813AD1B-E491-4443-88A4-153F35318443}"
EndProject
Global
	GlobalSection(SolutionConfigurationPlatforms) = preSolution
		Debug|Any CPU = Debug|Any CPU
		Release|Any CPU = Release|Any CPU
	EndGlobalSection
	GlobalSection(ProjectConfigurationPlatforms) = postSolution
		{5813AD1B-E491-4443-88A4-153F35318443}.Debug|Any CPU.ActiveCfg = Debug|Any CPU
		{5813AD1B-E491-4443-88A4-153F35318443}.Debug|Any CPU.Build.0 = Debug|Any CPU
		{5813AD1B-E491-4443-88A4-153F35318443}.Release|Any CPU.ActiveCfg = Release|Any CPU
		{5813AD1B-E491-4443-88A4-153F35318443}.Release|Any CPU.Build.0 = Release|Any CPU
	EndGlobalSection
	GlobalSection(SolutionProperties) = preSolution
		HideSolutionNode = FALSE
	EndGlobalSection
	GlobalSection(ExtensibilityGlobals) = postSolution
		SolutionGuid = {EEE76D0A-419D-44B2-8BD3-847AF0AF4686}
	EndGlobalSection
EndGlobal
